
Microsoft Visual Studio Solution File, Format Version 12.00
# Visual Studio Version 16
VisualStudioVersion = 16.0.31729.503
MinimumVisualStudioVersion = 10.0.40219.1
Project("{9A19103F-16F7-4668-BE54-9A1E7A4F7556}") = "Ankh-Morpork", "Ankh-Morpork\Ankh-Morpork.csproj", "{B0DE68E1-0522-4037-9E35-2BF947BE7C67}"
EndProject
Project("{FAE04EC0-301F-11D3-BF4B-00C04F79EFBC}") = "Ankh-Morpork.UnitTests", "Ankh-Morpork.UnitTests\Ankh-Morpork.UnitTests.csproj", "{F7414BEE-C4E3-4001-B0F9-EF8BC22598F7}"
EndProject
Global
	GlobalSection(SolutionConfigurationPlatforms) = preSolution
		Debug|Any CPU = Debug|Any CPU
		Release|Any CPU = Release|Any CPU
	EndGlobalSection
	GlobalSection(ProjectConfigurationPlatforms) = postSolution
		{B0DE68E1-0522-4037-9E35-2BF947BE7C67}.Debug|Any CPU.ActiveCfg = Debug|Any CPU
		{B0DE68E1-0522-4037-9E35-2BF947BE7C67}.Debug|Any CPU.Build.0 = Debug|Any CPU
		{B0DE68E1-0522-4037-9E35-2BF947BE7C67}.Release|Any CPU.ActiveCfg = Release|Any CPU
		{B0DE68E1-0522-4037-9E35-2BF947BE7C67}.Release|Any CPU.Build.0 = Release|Any CPU
		{F7414BEE-C4E3-4001-B0F9-EF8BC22598F7}.Debug|Any CPU.ActiveCfg = Debug|Any CPU
		{F7414BEE-C4E3-4001-B0F9-EF8BC22598F7}.Debug|Any CPU.Build.0 = Debug|Any CPU
		{F7414BEE-C4E3-4001-B0F9-EF8BC22598F7}.Release|Any CPU.ActiveCfg = Release|Any CPU
		{F7414BEE-C4E3-4001-B0F9-EF8BC22598F7}.Release|Any CPU.Build.0 = Release|Any CPU
	EndGlobalSection
	GlobalSection(SolutionProperties) = preSolution
		HideSolutionNode = FALSE
	EndGlobalSection
	GlobalSection(ExtensibilityGlobals) = postSolution
		SolutionGuid = {12FF07C7-288B-4D9B-BB52-06032B6658DD}
	EndGlobalSection
EndGlobal
